
Microsoft Visual Studio Solution File, Format Version 12.00
# Visual Studio 15
VisualStudioVersion = 15.0.27130.2010
MinimumVisualStudioVersion = 10.0.40219.1
Project("{FAE04EC0-301F-11D3-BF4B-00C04F79EFBC}") = "TeamStor.Engine", "TeamStor.Engine.csproj", "{AC5AE28D-4948-4EB1-9BE8-45B750B52B20}"
EndProject
Global
	GlobalSection(SolutionConfigurationPlatforms) = preSolution
		Debug|Any CPU = Debug|Any CPU
		Release|Any CPU = Release|Any CPU
	EndGlobalSection
	GlobalSection(ProjectConfigurationPlatforms) = postSolution
		{AC5AE28D-4948-4EB1-9BE8-45B750B52B20}.Release|Any CPU.ActiveCfg = Release|x64
		{AC5AE28D-4948-4EB1-9BE8-45B750B52B20}.Release|Any CPU.Build.0 = Release|x64
	EndGlobalSection
	GlobalSection(SolutionProperties) = preSolution
		HideSolutionNode = FALSE
	EndGlobalSection
	GlobalSection(ExtensibilityGlobals) = postSolution
		SolutionGuid = {432DFEDF-41D1-471F-B621-1D0D182D4318}
	EndGlobalSection
EndGlobal
